// !$*UTF8*$!
{
	archiveVersion = 1;
	classes = {
	};
	objectVersion = 50;
	objects = {

/* Begin PBXBuildFile section */
		FAEC46EA22A90A0A00AEC1CF /* AppDelegate.swift in Sources */ = {isa = PBXBuildFile; fileRef = FAEC46E922A90A0A00AEC1CF /* AppDelegate.swift */; };
		FAEC46EC22A90A0C00AEC1CF /* Assets.xcassets in Resources */ = {isa = PBXBuildFile; fileRef = FAEC46EB22A90A0C00AEC1CF /* Assets.xcassets */; };
		FAEC46EF22A90A0C00AEC1CF /* MainMenu.xib in Resources */ = {isa = PBXBuildFile; fileRef = FAEC46ED22A90A0C00AEC1CF /* MainMenu.xib */; };
		FAEC46F922A9A37100AEC1CF /* sideBarCollectionView.swift in Sources */ = {isa = PBXBuildFile; fileRef = FAEC46F722A9A37100AEC1CF /* sideBarCollectionView.swift */; };
		FAEC46FA22A9A37100AEC1CF /* sideBarCollectionView.xib in Resources */ = {isa = PBXBuildFile; fileRef = FAEC46F822A9A37100AEC1CF /* sideBarCollectionView.xib */; };
		FAEC471A22AA20B300AEC1CF /* drawMainUi.swift in Sources */ = {isa = PBXBuildFile; fileRef = FAEC471922AA20B300AEC1CF /* drawMainUi.swift */; };
		FAEC471C22AAA07F00AEC1CF /* downBarUi.swift in Sources */ = {isa = PBXBuildFile; fileRef = FAEC471B22AAA07F00AEC1CF /* downBarUi.swift */; };
		FAEC471E22AD687700AEC1CF /* boxUi.swift in Sources */ = {isa = PBXBuildFile; fileRef = FAEC471D22AD687700AEC1CF /* boxUi.swift */; };
/* End PBXBuildFile section */

/* Begin PBXFileReference section */
		FAEC46E622A90A0A00AEC1CF /* Pixel Perfect.app */ = {isa = PBXFileReference; explicitFileType = wrapper.application; includeInIndex = 0; path = "Pixel Perfect.app"; sourceTree = BUILT_PRODUCTS_DIR; };
		FAEC46E922A90A0A00AEC1CF /* AppDelegate.swift */ = {isa = PBXFileReference; lastKnownFileType = sourcecode.swift; path = AppDelegate.swift; sourceTree = "<group>"; };
		FAEC46EB22A90A0C00AEC1CF /* Assets.xcassets */ = {isa = PBXFileReference; lastKnownFileType = folder.assetcatalog; path = Assets.xcassets; sourceTree = "<group>"; };
		FAEC46EE22A90A0C00AEC1CF /* Base */ = {isa = PBXFileReference; lastKnownFileType = file.xib; name = Base; path = Base.lproj/MainMenu.xib; sourceTree = "<group>"; };
		FAEC46F022A90A0C00AEC1CF /* Info.plist */ = {isa = PBXFileReference; lastKnownFileType = text.plist.xml; path = Info.plist; sourceTree = "<group>"; };
		FAEC46F122A90A0C00AEC1CF /* Pixel_Perfect.entitlements */ = {isa = PBXFileReference; lastKnownFileType = text.plist.entitlements; path = Pixel_Perfect.entitlements; sourceTree = "<group>"; };
		FAEC46F722A9A37100AEC1CF /* sideBarCollectionView.swift */ = {isa = PBXFileReference; lastKnownFileType = sourcecode.swift; path = sideBarCollectionView.swift; sourceTree = "<group>"; };
		FAEC46F822A9A37100AEC1CF /* sideBarCollectionView.xib */ = {isa = PBXFileReference; lastKnownFileType = file.xib; path = sideBarCollectionView.xib; sourceTree = "<group>"; };
		FAEC471922AA20B300AEC1CF /* drawMainUi.swift */ = {isa = PBXFileReference; lastKnownFileType = sourcecode.swift; path = drawMainUi.swift; sourceTree = "<group>"; };
		FAEC471B22AAA07F00AEC1CF /* downBarUi.swift */ = {isa = PBXFileReference; lastKnownFileType = sourcecode.swift; path = downBarUi.swift; sourceTree = "<group>"; };
		FAEC471D22AD687700AEC1CF /* boxUi.swift */ = {isa = PBXFileReference; lastKnownFileType = sourcecode.swift; path = boxUi.swift; sourceTree = "<group>"; };
/* End PBXFileReference section */

/* Begin PBXFrameworksBuildPhase section */
		FAEC46E322A90A0A00AEC1CF /* Frameworks */ = {
			isa = PBXFrameworksBuildPhase;
			buildActionMask = 2147483647;
			files = (
			);
			runOnlyForDeploymentPostprocessing = 0;
		};
/* End PBXFrameworksBuildPhase section */

/* Begin PBXGroup section */
		FAEC46DD22A90A0A00AEC1CF = {
			isa = PBXGroup;
			children = (
				FAEC46E822A90A0A00AEC1CF /* Pixel Perfect */,
				FAEC46E722A90A0A00AEC1CF /* Products */,
			);
			sourceTree = "<group>";
		};
		FAEC46E722A90A0A00AEC1CF /* Products */ = {
			isa = PBXGroup;
			children = (
				FAEC46E622A90A0A00AEC1CF /* Pixel Perfect.app */,
			);
			name = Products;
			sourceTree = "<group>";
		};
		FAEC46E822A90A0A00AEC1CF /* Pixel Perfect */ = {
			isa = PBXGroup;
			children = (
				FAEC46E922A90A0A00AEC1CF /* AppDelegate.swift */,
				FAEC46EB22A90A0C00AEC1CF /* Assets.xcassets */,
				FAEC46ED22A90A0C00AEC1CF /* MainMenu.xib */,
				FAEC46F022A90A0C00AEC1CF /* Info.plist */,
				FAEC46F122A90A0C00AEC1CF /* Pixel_Perfect.entitlements */,
				FAEC46F722A9A37100AEC1CF /* sideBarCollectionView.swift */,
				FAEC46F822A9A37100AEC1CF /* sideBarCollectionView.xib */,
				FAEC471B22AAA07F00AEC1CF /* downBarUi.swift */,
				FAEC471922AA20B300AEC1CF /* drawMainUi.swift */,
				FAEC471D22AD687700AEC1CF /* boxUi.swift */,
			);
			path = "Pixel Perfect";
			sourceTree = "<group>";
		};
/* End PBXGroup section */

/* Begin PBXNativeTarget section */
		FAEC46E522A90A0A00AEC1CF /* Pixel Perfect */ = {
			isa = PBXNativeTarget;
			buildConfigurationList = FAEC46F422A90A0C00AEC1CF /* Build configuration list for PBXNativeTarget "Pixel Perfect" */;
			buildPhases = (
				FAEC46E222A90A0A00AEC1CF /* Sources */,
				FAEC46E322A90A0A00AEC1CF /* Frameworks */,
				FAEC46E422A90A0A00AEC1CF /* Resources */,
			);
			buildRules = (
			);
			dependencies = (
			);
			name = "Pixel Perfect";
			productName = "Pixel Perfect";
			productReference = FAEC46E622A90A0A00AEC1CF /* Pixel Perfect.app */;
			productType = "com.apple.product-type.application";
		};
/* End PBXNativeTarget section */

/* Begin PBXProject section */
		FAEC46DE22A90A0A00AEC1CF /* Project object */ = {
			isa = PBXProject;
			attributes = {
				LastSwiftUpdateCheck = 1020;
				LastUpgradeCheck = 1020;
				ORGANIZATIONNAME = "Nirav Patel";
				TargetAttributes = {
					FAEC46E522A90A0A00AEC1CF = {
						CreatedOnToolsVersion = 10.2.1;
					};
				};
			};
			buildConfigurationList = FAEC46E122A90A0A00AEC1CF /* Build configuration list for PBXProject "Pixel Perfect" */;
			compatibilityVersion = "Xcode 9.3";
			developmentRegion = en;
			hasScannedForEncodings = 0;
			knownRegions = (
				en,
				Base,
			);
			mainGroup = FAEC46DD22A90A0A00AEC1CF;
			productRefGroup = FAEC46E722A90A0A00AEC1CF /* Products */;
			projectDirPath = "";
			projectRoot = "";
			targets = (
				FAEC46E522A90A0A00AEC1CF /* Pixel Perfect */,
			);
		};
/* End PBXProject section */

/* Begin PBXResourcesBuildPhase section */
		FAEC46E422A90A0A00AEC1CF /* Resources */ = {
			isa = PBXResourcesBuildPhase;
			buildActionMask = 2147483647;
			files = (
				FAEC46EC22A90A0C00AEC1CF /* Assets.xcassets in Resources */,
				FAEC46EF22A90A0C00AEC1CF /* MainMenu.xib in Resources */,
				FAEC46FA22A9A37100AEC1CF /* sideBarCollectionView.xib in Resources */,
			);
			runOnlyForDeploymentPostprocessing = 0;
		};
/* End PBXResourcesBuildPhase section */

/* Begin PBXSourcesBuildPhase section */
		FAEC46E222A90A0A00AEC1CF /* Sources */ = {
			isa = PBXSourcesBuildPhase;
			buildActionMask = 2147483647;
			files = (
				FAEC46EA22A90A0A00AEC1CF /* AppDelegate.swift in Sources */,
				FAEC471C22AAA07F00AEC1CF /* downBarUi.swift in Sources */,
				FAEC471E22AD687700AEC1CF /* boxUi.swift in Sources */,
				FAEC471A22AA20B300AEC1CF /* drawMainUi.swift in Sources */,
				FAEC46F922A9A37100AEC1CF /* sideBarCollectionView.swift in Sources */,
			);
			runOnlyForDeploymentPostprocessing = 0;
		};
/* End PBXSourcesBuildPhase section */

/* Begin PBXVariantGroup section */
		FAEC46ED22A90A0C00AEC1CF /* MainMenu.xib */ = {
			isa = PBXVariantGroup;
			children = (
				FAEC46EE22A90A0C00AEC1CF /* Base */,
			);
			name = MainMenu.xib;
			sourceTree = "<group>";
		};
/* End PBXVariantGroup section */

/* Begin XCBuildConfiguration section */
		FAEC46F222A90A0C00AEC1CF /* Debug */ = {
			isa = XCBuildConfiguration;
			buildSettings = {
				ALWAYS_SEARCH_USER_PATHS = NO;
				CLANG_ANALYZER_NONNULL = YES;
				CLANG_ANALYZER_NUMBER_OBJECT_CONVERSION = YES_AGGRESSIVE;
				CLANG_CXX_LANGUAGE_STANDARD = "gnu++14";
				CLANG_CXX_LIBRARY = "libc++";
				CLANG_ENABLE_MODULES = YES;
				CLANG_ENABLE_OBJC_ARC = YES;
				CLANG_ENABLE_OBJC_WEAK = YES;
				CLANG_WARN_BLOCK_CAPTURE_AUTORELEASING = YES;
				CLANG_WARN_BOOL_CONVERSION = YES;
				CLANG_WARN_COMMA = YES;
				CLANG_WARN_CONSTANT_CONVERSION = YES;
				CLANG_WARN_DEPRECATED_OBJC_IMPLEMENTATIONS = YES;
				CLANG_WARN_DIRECT_OBJC_ISA_USAGE = YES_ERROR;
				CLANG_WARN_DOCUMENTATION_COMMENTS = YES;
				CLANG_WARN_EMPTY_BODY = YES;
				CLANG_WARN_ENUM_CONVERSION = YES;
				CLANG_WARN_INFINITE_RECURSION = YES;
				CLANG_WARN_INT_CONVERSION = YES;
				CLANG_WARN_NON_LITERAL_NULL_CONVERSION = YES;
				CLANG_WARN_OBJC_IMPLICIT_RETAIN_SELF = YES;
				CLANG_WARN_OBJC_LITERAL_CONVERSION = YES;
				CLANG_WARN_OBJC_ROOT_CLASS = YES_ERROR;
				CLANG_WARN_RANGE_LOOP_ANALYSIS = YES;
				CLANG_WARN_STRICT_PROTOTYPES = YES;
				CLANG_WARN_SUSPICIOUS_MOVE = YES;
				CLANG_WARN_UNGUARDED_AVAILABILITY = YES_AGGRESSIVE;
				CLANG_WARN_UNREACHABLE_CODE = YES;
				CLANG_WARN__DUPLICATE_METHOD_MATCH = YES;
				CODE_SIGN_IDENTITY = "-";
				COPY_PHASE_STRIP = NO;
				DEBUG_INFORMATION_FORMAT = dwarf;
				ENABLE_STRICT_OBJC_MSGSEND = YES;
				ENABLE_TESTABILITY = YES;
				GCC_C_LANGUAGE_STANDARD = gnu11;
				GCC_DYNAMIC_NO_PIC = NO;
				GCC_NO_COMMON_BLOCKS = YES;
				GCC_OPTIMIZATION_LEVEL = 0;
				GCC_PREPROCESSOR_DEFINITIONS = (
					"DEBUG=1",
					"$(inherited)",
				);
				GCC_WARN_64_TO_32_BIT_CONVERSION = YES;
				GCC_WARN_ABOUT_RETURN_TYPE = YES_ERROR;
				GCC_WARN_UNDECLARED_SELECTOR = YES;
				GCC_WARN_UNINITIALIZED_AUTOS = YES_AGGRESSIVE;
				GCC_WARN_UNUSED_FUNCTION = YES;
				GCC_WARN_UNUSED_VARIABLE = YES;
				MACOSX_DEPLOYMENT_TARGET = 10.14;
				MTL_ENABLE_DEBUG_INFO = INCLUDE_SOURCE;
				MTL_FAST_MATH = YES;
				ONLY_ACTIVE_ARCH = YES;
				SDKROOT = macosx;
				SWIFT_ACTIVE_COMPILATION_CONDITIONS = DEBUG;
				SWIFT_OPTIMIZATION_LEVEL = "-Onone";
			};
			name = Debug;
		};
		FAEC46F322A90A0C00AEC1CF /* Release */ = {
			isa = XCBuildConfiguration;
			buildSettings = {
				ALWAYS_SEARCH_USER_PATHS = NO;
				CLANG_ANALYZER_NONNULL = YES;
				CLANG_ANALYZER_NUMBER_OBJECT_CONVERSION = YES_AGGRESSIVE;
				CLANG_CXX_LANGUAGE_STANDARD = "gnu++14";
				CLANG_CXX_LIBRARY = "libc++";
				CLANG_ENABLE_MODULES = YES;
				CLANG_ENABLE_OBJC_ARC = YES;
				CLANG_ENABLE_OBJC_WEAK = YES;
				CLANG_WARN_BLOCK_CAPTURE_AUTORELEASING = YES;
				CLANG_WARN_BOOL_CONVERSION = YES;
				CLANG_WARN_COMMA = YES;
				CLANG_WARN_CONSTANT_CONVERSION = YES;
				CLANG_WARN_DEPRECATED_OBJC_IMPLEMENTATIONS = YES;
				CLANG_WARN_DIRECT_OBJC_ISA_USAGE = YES_ERROR;
				CLANG_WARN_DOCUMENTATION_COMMENTS = YES;
				CLANG_WARN_EMPTY_BODY = YES;
				CLANG_WARN_ENUM_CONVERSION = YES;
				CLANG_WARN_INFINITE_RECURSION = YES;
				CLANG_WARN_INT_CONVERSION = YES;
				CLANG_WARN_NON_LITERAL_NULL_CONVERSION = YES;
				CLANG_WARN_OBJC_IMPLICIT_RETAIN_SELF = YES;
				CLANG_WARN_OBJC_LITERAL_CONVERSION = YES;
				CLANG_WARN_OBJC_ROOT_CLASS = YES_ERROR;
				CLANG_WARN_RANGE_LOOP_ANALYSIS = YES;
				CLANG_WARN_STRICT_PROTOTYPES = YES;
				CLANG_WARN_SUSPICIOUS_MOVE = YES;
				CLANG_WARN_UNGUARDED_AVAILABILITY = YES_AGGRESSIVE;
				CLANG_WARN_UNREACHABLE_CODE = YES;
				CLANG_WARN__DUPLICATE_METHOD_MATCH = YES;
				CODE_SIGN_IDENTITY = "-";
				COPY_PHASE_STRIP = NO;
				DEBUG_INFORMATION_FORMAT = "dwarf-with-dsym";
				ENABLE_NS_ASSERTIONS = NO;
				ENABLE_STRICT_OBJC_MSGSEND = YES;
				GCC_C_LANGUAGE_STANDARD = gnu11;
				GCC_NO_COMMON_BLOCKS = YES;
				GCC_WARN_64_TO_32_BIT_CONVERSION = YES;
				GCC_WARN_ABOUT_RETURN_TYPE = YES_ERROR;
				GCC_WARN_UNDECLARED_SELECTOR = YES;
				GCC_WARN_UNINITIALIZED_AUTOS = YES_AGGRESSIVE;
				GCC_WARN_UNUSED_FUNCTION = YES;
				GCC_WARN_UNUSED_VARIABLE = YES;
				MACOSX_DEPLOYMENT_TARGET = 10.14;
				MTL_ENABLE_DEBUG_INFO = NO;
				MTL_FAST_MATH = YES;
				SDKROOT = macosx;
				SWIFT_COMPILATION_MODE = wholemodule;
				SWIFT_OPTIMIZATION_LEVEL = "-O";
			};
			name = Release;
		};
		FAEC46F522A90A0C00AEC1CF /* Debug */ = {
			isa = XCBuildConfiguration;
			buildSettings = {
				ASSETCATALOG_COMPILER_APPICON_NAME = AppIcon;
				CODE_SIGN_ENTITLEMENTS = "Pixel Perfect/Pixel_Perfect.entitlements";
				CODE_SIGN_STYLE = Automatic;
				COMBINE_HIDPI_IMAGES = YES;
				INFOPLIST_FILE = "Pixel Perfect/Info.plist";
				LD_RUNPATH_SEARCH_PATHS = (
					"$(inherited)",
					"@executable_path/../Frameworks",
				);
				PRODUCT_BUNDLE_IDENTIFIER = "com.Fiverr.Pixel-Perfect";
				PRODUCT_NAME = "$(TARGET_NAME)";
				SWIFT_VERSION = 5.0;
			};
			name = Debug;
		};
		FAEC46F622A90A0C00AEC1CF /* Release */ = {
			isa = XCBuildConfiguration;
			buildSettings = {
				ASSETCATALOG_COMPILER_APPICON_NAME = AppIcon;
				CODE_SIGN_ENTITLEMENTS = "Pixel Perfect/Pixel_Perfect.entitlements";
				CODE_SIGN_STYLE = Automatic;
				COMBINE_HIDPI_IMAGES = YES;
				INFOPLIST_FILE = "Pixel Perfect/Info.plist";
				LD_RUNPATH_SEARCH_PATHS = (
					"$(inherited)",
					"@executable_path/../Frameworks",
				);
				PRODUCT_BUNDLE_IDENTIFIER = "com.Fiverr.Pixel-Perfect";
				PRODUCT_NAME = "$(TARGET_NAME)";
				SWIFT_VERSION = 5.0;
			};
			name = Release;
		};
/* End XCBuildConfiguration section */

/* Begin XCConfigurationList section */
		FAEC46E122A90A0A00AEC1CF /* Build configuration list for PBXProject "Pixel Perfect" */ = {
			isa = XCConfigurationList;
			buildConfigurations = (
				FAEC46F222A90A0C00AEC1CF /* Debug */,
				FAEC46F322A90A0C00AEC1CF /* Release */,
			);
			defaultConfigurationIsVisible = 0;
			defaultConfigurationName = Release;
		};
		FAEC46F422A90A0C00AEC1CF /* Build configuration list for PBXNativeTarget "Pixel Perfect" */ = {
			isa = XCConfigurationList;
			buildConfigurations = (
				FAEC46F522A90A0C00AEC1CF /* Debug */,
				FAEC46F622A90A0C00AEC1CF /* Release */,
			);
			defaultConfigurationIsVisible = 0;
			defaultConfigurationName = Release;
		};
/* End XCConfigurationList section */
	};
	rootObject = FAEC46DE22A90A0A00AEC1CF /* Project object */;
}
